
Microsoft Visual Studio Solution File, Format Version 12.00
# Visual Studio Version 17
VisualStudioVersion = 17.2.32630.192
MinimumVisualStudioVersion = 10.0.40219.1
Project("{9A19103F-16F7-4668-BE54-9A1E7A4F7556}") = "R5T.T0230", "R5T.T0230\R5T.T0230.csproj", "{C07949A5-D22B-496C-BE4F-FEA54AF14D9C}"
EndProject
Project("{2150E333-8FDC-42A3-9474-1A3956D46DE8}") = "_Dependencies", "_Dependencies", "{B6D7E476-B076-495A-B2B1-C3C813B06D7C}"
EndProject
Project("{9A19103F-16F7-4668-BE54-9A1E7A4F7556}") = "R5T.T0132", "..\..\R5T.T0132\source\R5T.T0132\R5T.T0132.csproj", "{7F3B1481-0C08-4F88-BCFE-E5596845136C}"
EndProject
Project("{9A19103F-16F7-4668-BE54-9A1E7A4F7556}") = "R5T.T0142", "..\..\R5T.T0142\source\R5T.T0142\R5T.T0142.csproj", "{7FAD20FF-8950-47EA-811C-F227AE36D3FB}"
EndProject
Project("{9A19103F-16F7-4668-BE54-9A1E7A4F7556}") = "R5T.T0143", "..\..\R5T.T0143\source\R5T.T0143\R5T.T0143.csproj", "{EDE01365-76D2-4534-A468-87B3C203347E}"
EndProject
Project("{9A19103F-16F7-4668-BE54-9A1E7A4F7556}") = "R5T.T0178", "..\..\R5T.T0178\source\R5T.T0178\R5T.T0178.csproj", "{C9DB0E88-9C0F-42F2-8C2A-DBAAAF6617E3}"
EndProject
Project("{9A19103F-16F7-4668-BE54-9A1E7A4F7556}") = "R5T.T0179", "..\..\R5T.T0179\source\R5T.T0179\R5T.T0179.csproj", "{C2F2E5E7-5A7D-4348-91CC-1C7A6AB46D55}"
EndProject
Project("{9A19103F-16F7-4668-BE54-9A1E7A4F7556}") = "R5T.N1", "..\..\R5T.N1\source\R5T.N1\R5T.N1.csproj", "{B5C1D7EC-78D4-47C3-BD22-DE2D5F0EB4DD}"
EndProject
Project("{9A19103F-16F7-4668-BE54-9A1E7A4F7556}") = "R5T.T0156", "..\..\R5T.T0156\source\R5T.T0156\R5T.T0156.csproj", "{ABB7F691-D70F-45F8-A3E7-9DA377BC2A0D}"
EndProject
Global
	GlobalSection(NestedProjects) = preSolution
		{7F3B1481-0C08-4F88-BCFE-E5596845136C} = {B6D7E476-B076-495A-B2B1-C3C813B06D7C}
		{7FAD20FF-8950-47EA-811C-F227AE36D3FB} = {B6D7E476-B076-495A-B2B1-C3C813B06D7C}
		{EDE01365-76D2-4534-A468-87B3C203347E} = {B6D7E476-B076-495A-B2B1-C3C813B06D7C}
		{C9DB0E88-9C0F-42F2-8C2A-DBAAAF6617E3} = {B6D7E476-B076-495A-B2B1-C3C813B06D7C}
		{C2F2E5E7-5A7D-4348-91CC-1C7A6AB46D55} = {B6D7E476-B076-495A-B2B1-C3C813B06D7C}
		{B5C1D7EC-78D4-47C3-BD22-DE2D5F0EB4DD} = {B6D7E476-B076-495A-B2B1-C3C813B06D7C}
		{ABB7F691-D70F-45F8-A3E7-9DA377BC2A0D} = {B6D7E476-B076-495A-B2B1-C3C813B06D7C}
	EndGlobalSection
	GlobalSection(SolutionConfigurationPlatforms) = preSolution
		Debug|Any CPU = Debug|Any CPU
		Release|Any CPU = Release|Any CPU
	EndGlobalSection
	GlobalSection(ProjectConfigurationPlatforms) = postSolution
		{C07949A5-D22B-496C-BE4F-FEA54AF14D9C}.Debug|Any CPU.ActiveCfg = Debug|Any CPU
		{C07949A5-D22B-496C-BE4F-FEA54AF14D9C}.Debug|Any CPU.Build.0 = Debug|Any CPU
		{C07949A5-D22B-496C-BE4F-FEA54AF14D9C}.Release|Any CPU.ActiveCfg = Release|Any CPU
		{C07949A5-D22B-496C-BE4F-FEA54AF14D9C}.Release|Any CPU.Build.0 = Release|Any CPU
		{7F3B1481-0C08-4F88-BCFE-E5596845136C}.Debug|Any CPU.ActiveCfg = Debug|Any CPU
		{7F3B1481-0C08-4F88-BCFE-E5596845136C}.Debug|Any CPU.Build.0 = Debug|Any CPU
		{7F3B1481-0C08-4F88-BCFE-E5596845136C}.Release|Any CPU.ActiveCfg = Release|Any CPU
		{7F3B1481-0C08-4F88-BCFE-E5596845136C}.Release|Any CPU.Build.0 = Release|Any CPU
		{7FAD20FF-8950-47EA-811C-F227AE36D3FB}.Debug|Any CPU.ActiveCfg = Debug|Any CPU
		{7FAD20FF-8950-47EA-811C-F227AE36D3FB}.Debug|Any CPU.Build.0 = Debug|Any CPU
		{7FAD20FF-8950-47EA-811C-F227AE36D3FB}.Release|Any CPU.ActiveCfg = Release|Any CPU
		{7FAD20FF-8950-47EA-811C-F227AE36D3FB}.Release|Any CPU.Build.0 = Release|Any CPU
		{EDE01365-76D2-4534-A468-87B3C203347E}.Debug|Any CPU.ActiveCfg = Debug|Any CPU
		{EDE01365-76D2-4534-A468-87B3C203347E}.Debug|Any CPU.Build.0 = Debug|Any CPU
		{EDE01365-76D2-4534-A468-87B3C203347E}.Release|Any CPU.ActiveCfg = Release|Any CPU
		{EDE01365-76D2-4534-A468-87B3C203347E}.Release|Any CPU.Build.0 = Release|Any CPU
		{C9DB0E88-9C0F-42F2-8C2A-DBAAAF6617E3}.Debug|Any CPU.ActiveCfg = Debug|Any CPU
		{C9DB0E88-9C0F-42F2-8C2A-DBAAAF6617E3}.Debug|Any CPU.Build.0 = Debug|Any CPU
		{C9DB0E88-9C0F-42F2-8C2A-DBAAAF6617E3}.Release|Any CPU.ActiveCfg = Release|Any CPU
		{C9DB0E88-9C0F-42F2-8C2A-DBAAAF6617E3}.Release|Any CPU.Build.0 = Release|Any CPU
		{C2F2E5E7-5A7D-4348-91CC-1C7A6AB46D55}.Debug|Any CPU.ActiveCfg = Debug|Any CPU
		{C2F2E5E7-5A7D-4348-91CC-1C7A6AB46D55}.Debug|Any CPU.Build.0 = Debug|Any CPU
		{C2F2E5E7-5A7D-4348-91CC-1C7A6AB46D55}.Release|Any CPU.ActiveCfg = Release|Any CPU
		{C2F2E5E7-5A7D-4348-91CC-1C7A6AB46D55}.Release|Any CPU.Build.0 = Release|Any CPU
		{B5C1D7EC-78D4-47C3-BD22-DE2D5F0EB4DD}.Debug|Any CPU.ActiveCfg = Debug|Any CPU
		{B5C1D7EC-78D4-47C3-BD22-DE2D5F0EB4DD}.Debug|Any CPU.Build.0 = Debug|Any CPU
		{B5C1D7EC-78D4-47C3-BD22-DE2D5F0EB4DD}.Release|Any CPU.ActiveCfg = Release|Any CPU
		{B5C1D7EC-78D4-47C3-BD22-DE2D5F0EB4DD}.Release|Any CPU.Build.0 = Release|Any CPU
		{ABB7F691-D70F-45F8-A3E7-9DA377BC2A0D}.Debug|Any CPU.ActiveCfg = Debug|Any CPU
		{ABB7F691-D70F-45F8-A3E7-9DA377BC2A0D}.Debug|Any CPU.Build.0 = Debug|Any CPU
		{ABB7F691-D70F-45F8-A3E7-9DA377BC2A0D}.Release|Any CPU.ActiveCfg = Release|Any CPU
		{ABB7F691-D70F-45F8-A3E7-9DA377BC2A0D}.Release|Any CPU.Build.0 = Release|Any CPU
	EndGlobalSection
	GlobalSection(SolutionProperties) = preSolution
		HideSolutionNode = FALSE
	EndGlobalSection
	GlobalSection(ExtensibilityGlobals) = postSolution
		SolutionGuid = {8235FAB0-94D1-4593-98AD-A5D09FBC6996}
	EndGlobalSection
EndGlobal
