
Microsoft Visual Studio Solution File, Format Version 12.00
# Visual Studio Version 17
VisualStudioVersion = 17.2.32630.192
MinimumVisualStudioVersion = 10.0.40219.1
Project("{9A19103F-16F7-4668-BE54-9A1E7A4F7556}") = "R5T.T0230.Construction", "R5T.T0230.Construction\R5T.T0230.Construction.csproj", "{FD357518-49A3-40FE-8D9D-6953F3728EBC}"
EndProject
Project("{9A19103F-16F7-4668-BE54-9A1E7A4F7556}") = "R5T.T0230", "R5T.T0230\R5T.T0230.csproj", "{E415254B-5068-4F8D-B9EA-322BCC55FDF1}"
EndProject
Project("{2150E333-8FDC-42A3-9474-1A3956D46DE8}") = "_Dependencies", "_Dependencies", "{D44995D7-4897-4759-82D7-1E7F5E67D758}"
EndProject
Project("{9A19103F-16F7-4668-BE54-9A1E7A4F7556}") = "R5T.T0132", "..\..\R5T.T0132\source\R5T.T0132\R5T.T0132.csproj", "{24CB5DC3-7011-4469-9EE7-6D08559297A5}"
EndProject
Project("{9A19103F-16F7-4668-BE54-9A1E7A4F7556}") = "R5T.T0142", "..\..\R5T.T0142\source\R5T.T0142\R5T.T0142.csproj", "{904E1C43-71DC-43F6-8449-B916C05A894F}"
EndProject
Project("{9A19103F-16F7-4668-BE54-9A1E7A4F7556}") = "R5T.T0143", "..\..\R5T.T0143\source\R5T.T0143\R5T.T0143.csproj", "{F101209F-95BC-407A-A74E-A64C473CDE89}"
EndProject
Project("{9A19103F-16F7-4668-BE54-9A1E7A4F7556}") = "R5T.T0178", "..\..\R5T.T0178\source\R5T.T0178\R5T.T0178.csproj", "{CC1F9057-A580-4C31-AECE-CAF78E5C9691}"
EndProject
Project("{9A19103F-16F7-4668-BE54-9A1E7A4F7556}") = "R5T.T0179", "..\..\R5T.T0179\source\R5T.T0179\R5T.T0179.csproj", "{DCF69620-850F-48C6-809C-FB98F434FE70}"
EndProject
Project("{9A19103F-16F7-4668-BE54-9A1E7A4F7556}") = "R5T.N1", "..\..\R5T.N1\source\R5T.N1\R5T.N1.csproj", "{15DD08D8-C462-4B69-A7D8-EA79B49CDD62}"
EndProject
Project("{9A19103F-16F7-4668-BE54-9A1E7A4F7556}") = "R5T.T0156", "..\..\R5T.T0156\source\R5T.T0156\R5T.T0156.csproj", "{262A5A8C-0E92-43CF-8A3E-2DE9CF1CE869}"
EndProject
Global
	GlobalSection(NestedProjects) = preSolution
		{24CB5DC3-7011-4469-9EE7-6D08559297A5} = {D44995D7-4897-4759-82D7-1E7F5E67D758}
		{904E1C43-71DC-43F6-8449-B916C05A894F} = {D44995D7-4897-4759-82D7-1E7F5E67D758}
		{F101209F-95BC-407A-A74E-A64C473CDE89} = {D44995D7-4897-4759-82D7-1E7F5E67D758}
		{CC1F9057-A580-4C31-AECE-CAF78E5C9691} = {D44995D7-4897-4759-82D7-1E7F5E67D758}
		{DCF69620-850F-48C6-809C-FB98F434FE70} = {D44995D7-4897-4759-82D7-1E7F5E67D758}
		{15DD08D8-C462-4B69-A7D8-EA79B49CDD62} = {D44995D7-4897-4759-82D7-1E7F5E67D758}
		{262A5A8C-0E92-43CF-8A3E-2DE9CF1CE869} = {D44995D7-4897-4759-82D7-1E7F5E67D758}
	EndGlobalSection
	GlobalSection(SolutionConfigurationPlatforms) = preSolution
		Debug|Any CPU = Debug|Any CPU
		Release|Any CPU = Release|Any CPU
	EndGlobalSection
	GlobalSection(ProjectConfigurationPlatforms) = postSolution
		{FD357518-49A3-40FE-8D9D-6953F3728EBC}.Debug|Any CPU.ActiveCfg = Debug|Any CPU
		{FD357518-49A3-40FE-8D9D-6953F3728EBC}.Debug|Any CPU.Build.0 = Debug|Any CPU
		{FD357518-49A3-40FE-8D9D-6953F3728EBC}.Release|Any CPU.ActiveCfg = Release|Any CPU
		{FD357518-49A3-40FE-8D9D-6953F3728EBC}.Release|Any CPU.Build.0 = Release|Any CPU
		{E415254B-5068-4F8D-B9EA-322BCC55FDF1}.Debug|Any CPU.ActiveCfg = Debug|Any CPU
		{E415254B-5068-4F8D-B9EA-322BCC55FDF1}.Debug|Any CPU.Build.0 = Debug|Any CPU
		{E415254B-5068-4F8D-B9EA-322BCC55FDF1}.Release|Any CPU.ActiveCfg = Release|Any CPU
		{E415254B-5068-4F8D-B9EA-322BCC55FDF1}.Release|Any CPU.Build.0 = Release|Any CPU
		{24CB5DC3-7011-4469-9EE7-6D08559297A5}.Debug|Any CPU.ActiveCfg = Debug|Any CPU
		{24CB5DC3-7011-4469-9EE7-6D08559297A5}.Debug|Any CPU.Build.0 = Debug|Any CPU
		{24CB5DC3-7011-4469-9EE7-6D08559297A5}.Release|Any CPU.ActiveCfg = Release|Any CPU
		{24CB5DC3-7011-4469-9EE7-6D08559297A5}.Release|Any CPU.Build.0 = Release|Any CPU
		{904E1C43-71DC-43F6-8449-B916C05A894F}.Debug|Any CPU.ActiveCfg = Debug|Any CPU
		{904E1C43-71DC-43F6-8449-B916C05A894F}.Debug|Any CPU.Build.0 = Debug|Any CPU
		{904E1C43-71DC-43F6-8449-B916C05A894F}.Release|Any CPU.ActiveCfg = Release|Any CPU
		{904E1C43-71DC-43F6-8449-B916C05A894F}.Release|Any CPU.Build.0 = Release|Any CPU
		{F101209F-95BC-407A-A74E-A64C473CDE89}.Debug|Any CPU.ActiveCfg = Debug|Any CPU
		{F101209F-95BC-407A-A74E-A64C473CDE89}.Debug|Any CPU.Build.0 = Debug|Any CPU
		{F101209F-95BC-407A-A74E-A64C473CDE89}.Release|Any CPU.ActiveCfg = Release|Any CPU
		{F101209F-95BC-407A-A74E-A64C473CDE89}.Release|Any CPU.Build.0 = Release|Any CPU
		{CC1F9057-A580-4C31-AECE-CAF78E5C9691}.Debug|Any CPU.ActiveCfg = Debug|Any CPU
		{CC1F9057-A580-4C31-AECE-CAF78E5C9691}.Debug|Any CPU.Build.0 = Debug|Any CPU
		{CC1F9057-A580-4C31-AECE-CAF78E5C9691}.Release|Any CPU.ActiveCfg = Release|Any CPU
		{CC1F9057-A580-4C31-AECE-CAF78E5C9691}.Release|Any CPU.Build.0 = Release|Any CPU
		{DCF69620-850F-48C6-809C-FB98F434FE70}.Debug|Any CPU.ActiveCfg = Debug|Any CPU
		{DCF69620-850F-48C6-809C-FB98F434FE70}.Debug|Any CPU.Build.0 = Debug|Any CPU
		{DCF69620-850F-48C6-809C-FB98F434FE70}.Release|Any CPU.ActiveCfg = Release|Any CPU
		{DCF69620-850F-48C6-809C-FB98F434FE70}.Release|Any CPU.Build.0 = Release|Any CPU
		{15DD08D8-C462-4B69-A7D8-EA79B49CDD62}.Debug|Any CPU.ActiveCfg = Debug|Any CPU
		{15DD08D8-C462-4B69-A7D8-EA79B49CDD62}.Debug|Any CPU.Build.0 = Debug|Any CPU
		{15DD08D8-C462-4B69-A7D8-EA79B49CDD62}.Release|Any CPU.ActiveCfg = Release|Any CPU
		{15DD08D8-C462-4B69-A7D8-EA79B49CDD62}.Release|Any CPU.Build.0 = Release|Any CPU
		{262A5A8C-0E92-43CF-8A3E-2DE9CF1CE869}.Debug|Any CPU.ActiveCfg = Debug|Any CPU
		{262A5A8C-0E92-43CF-8A3E-2DE9CF1CE869}.Debug|Any CPU.Build.0 = Debug|Any CPU
		{262A5A8C-0E92-43CF-8A3E-2DE9CF1CE869}.Release|Any CPU.ActiveCfg = Release|Any CPU
		{262A5A8C-0E92-43CF-8A3E-2DE9CF1CE869}.Release|Any CPU.Build.0 = Release|Any CPU
	EndGlobalSection
	GlobalSection(SolutionProperties) = preSolution
		HideSolutionNode = FALSE
	EndGlobalSection
	GlobalSection(ExtensibilityGlobals) = postSolution
		SolutionGuid = {D5C23D76-57D0-48B5-8F64-69D5299F2B72}
	EndGlobalSection
EndGlobal
